<?xml version="1.0" encoding="UTF-8"?>
<CONFIG>
  <ProjectOptions>
    <Version Value="10"/>
    <General>
      <Flags>
        <MainUnitHasUsesSectionForAllUnits Value="False"/>
        <MainUnitHasCreateFormStatements Value="False"/>
        <MainUnitHasTitleStatement Value="False"/>
      </Flags>
      <SessionStorage Value="InProjectDir"/>
      <MainUnit Value="0"/>
      <Title Value="LdapAdmin"/>
      <UseAppBundle Value="False"/>
      <ResourceType Value="res"/>
    </General>
    <i18n>
      <EnableI18N Value="True"/>
      <OutDir Value="locale"/>
    </i18n>
    <VersionInfo>
      <UseVersionInfo Value="True"/>
      <AutoIncrementBuild Value="True"/>
      <MajorVersionNr Value="1"/>
      <MinorVersionNr Value="8"/>
      <RevisionNr Value="3"/>
      <BuildNr Value="1"/>
      <Attributes pvaPreRelease="True"/>
    </VersionInfo>
    <BuildModes Count="1">
      <Item1 Name="Default" Default="True"/>
    </BuildModes>
    <PublishOptions>
      <Version Value="2"/>
      <DestinationDirectory Value="$(ProjPath)/published/"/>
      <IncludeFileFilter Value="*.(pas|pp|inc|lpr|lfm|dfm|lrs|lpi|lpk|xml|sh|dpr)"/>
      <UseExcludeFileFilter Value="True"/>
    </PublishOptions>
    <RunParams>
      <local>
        <FormatVersion Value="1"/>
      </local>
    </RunParams>
    <RequiredPackages Count="2">
      <Item1>
        <PackageName Value="DateTimeCtrls"/>
      </Item1>
      <Item2>
        <PackageName Value="LCL"/>
      </Item2>
    </RequiredPackages>
    <Units Count="78">
      <Unit0>
        <Filename Value="LdapAdmin.dpr"/>
        <IsPartOfProject Value="True"/>
      </Unit0>
      <Unit1>
        <Filename Value="Main.pas"/>
        <IsPartOfProject Value="True"/>
        <ComponentName Value="MainFrm"/>
        <HasResources Value="True"/>
        <ResourceBaseClass Value="Form"/>
      </Unit1>
      <Unit2>
        <Filename Value="User.pas"/>
        <IsPartOfProject Value="True"/>
        <ComponentName Value="UserDlg"/>
        <HasResources Value="True"/>
        <ResourceBaseClass Value="Form"/>
      </Unit2>
      <Unit3>
        <Filename Value="LDAPClasses.pas"/>
        <IsPartOfProject Value="True"/>
      </Unit3>
      <Unit4>
        <Filename Value="EditEntry.pas"/>
        <IsPartOfProject Value="True"/>
        <ComponentName Value="EditEntryFrm"/>
        <HasResources Value="True"/>
        <ResourceBaseClass Value="Form"/>
      </Unit4>
      <Unit5>
        <Filename Value="Input.pas"/>
        <IsPartOfProject Value="True"/>
        <ComponentName Value="InputDlg"/>
        <HasResources Value="True"/>
        <ResourceBaseClass Value="Form"/>
      </Unit5>
      <Unit6>
        <Filename Value="Constant.pas"/>
        <IsPartOfProject Value="True"/>
      </Unit6>
      <Unit7>
        <Filename Value="Pickup.pas"/>
        <IsPartOfProject Value="True"/>
        <ComponentName Value="PickupDlg"/>
        <HasResources Value="True"/>
        <ResourceBaseClass Value="Form"/>
      </Unit7>
      <Unit8>
        <Filename Value="ConnProp.pas"/>
        <IsPartOfProject Value="True"/>
        <ComponentName Value="ConnPropDlg"/>
        <HasResources Value="True"/>
        <ResourceBaseClass Value="Form"/>
      </Unit8>
      <Unit9>
        <Filename Value="PassDlg.pas"/>
        <IsPartOfProject Value="True"/>
        <ComponentName Value="PasswordDlg"/>
        <HasResources Value="True"/>
        <ResourceBaseClass Value="Form"/>
      </Unit9>
      <Unit10>
        <Filename Value="smbdes.pas"/>
        <IsPartOfProject Value="True"/>
      </Unit10>
      <Unit11>
        <Filename Value="ConnList.pas"/>
        <IsPartOfProject Value="True"/>
        <ComponentName Value="ConnListFrm"/>
        <HasResources Value="True"/>
        <ResourceBaseClass Value="Form"/>
      </Unit11>
      <Unit12>
        <Filename Value="Group.pas"/>
        <IsPartOfProject Value="True"/>
        <ComponentName Value="GroupDlg"/>
        <HasResources Value="True"/>
        <ResourceBaseClass Value="Form"/>
      </Unit12>
      <Unit13>
        <Filename Value="Computer.pas"/>
        <IsPartOfProject Value="True"/>
        <ComponentName Value="ComputerDlg"/>
        <HasResources Value="True"/>
        <ResourceBaseClass Value="Form"/>
      </Unit13>
      <Unit14>
        <Filename Value="Transport.pas"/>
        <IsPartOfProject Value="True"/>
        <ComponentName Value="TransportDlg"/>
        <HasResources Value="True"/>
        <ResourceBaseClass Value="Form"/>
      </Unit14>
      <Unit15>
        <Filename Value="Search.pas"/>
        <IsPartOfProject Value="True"/>
        <ComponentName Value="SearchFrm"/>
        <HasResources Value="True"/>
        <ResourceBaseClass Value="Form"/>
      </Unit15>
      <Unit16>
        <Filename Value="Ou.pas"/>
        <IsPartOfProject Value="True"/>
        <ComponentName Value="OuDlg"/>
        <HasResources Value="True"/>
        <ResourceBaseClass Value="Form"/>
      </Unit16>
      <Unit17>
        <Filename Value="Export.pas"/>
        <IsPartOfProject Value="True"/>
        <ComponentName Value="ExportDlg"/>
        <HasResources Value="True"/>
        <ResourceBaseClass Value="Form"/>
      </Unit17>
      <Unit18>
        <Filename Value="Prefs.pas"/>
        <IsPartOfProject Value="True"/>
        <ComponentName Value="PrefDlg"/>
        <HasResources Value="True"/>
        <ResourceBaseClass Value="Form"/>
      </Unit18>
      <Unit19>
        <Filename Value="Samba.pas"/>
        <IsPartOfProject Value="True"/>
      </Unit19>
      <Unit20>
        <Filename Value="Posix.pas"/>
        <IsPartOfProject Value="True"/>
      </Unit20>
      <Unit21>
        <Filename Value="PrefWiz.pas"/>
        <IsPartOfProject Value="True"/>
        <ComponentName Value="PrefWizDlg"/>
        <HasResources Value="True"/>
        <ResourceBaseClass Value="Form"/>
      </Unit21>
      <Unit22>
        <Filename Value="About.pas"/>
        <IsPartOfProject Value="True"/>
        <ComponentName Value="AboutDlg"/>
        <HasResources Value="True"/>
        <ResourceBaseClass Value="Form"/>
      </Unit22>
      <Unit23>
        <Filename Value="LdapOp.pas"/>
        <IsPartOfProject Value="True"/>
        <ComponentName Value="LdapOpDlg"/>
        <HasResources Value="True"/>
        <ResourceBaseClass Value="Form"/>
      </Unit23>
      <Unit24>
        <Filename Value="Import.pas"/>
        <IsPartOfProject Value="True"/>
        <ComponentName Value="ImportDlg"/>
        <HasResources Value="True"/>
        <ResourceBaseClass Value="Form"/>
      </Unit24>
      <Unit25>
        <Filename Value="Ldif.pas"/>
        <IsPartOfProject Value="True"/>
      </Unit25>
      <Unit26>
        <Filename Value="Misc.pas"/>
        <IsPartOfProject Value="True"/>
      </Unit26>
      <Unit27>
        <Filename Value="Postfix.pas"/>
        <IsPartOfProject Value="True"/>
      </Unit27>
      <Unit28>
        <Filename Value="MailGroup.pas"/>
        <IsPartOfProject Value="True"/>
        <ComponentName Value="MailGroupDlg"/>
        <HasResources Value="True"/>
        <ResourceBaseClass Value="Form"/>
      </Unit28>
      <Unit29>
        <Filename Value="Host.pas"/>
        <IsPartOfProject Value="True"/>
        <ComponentName Value="HostDlg"/>
        <HasResources Value="True"/>
        <ResourceBaseClass Value="Form"/>
      </Unit29>
      <Unit30>
        <Filename Value="Locality.pas"/>
        <IsPartOfProject Value="True"/>
        <ComponentName Value="LocalityDlg"/>
        <HasResources Value="True"/>
        <ResourceBaseClass Value="Form"/>
      </Unit30>
      <Unit31>
        <Filename Value="LdapCopy.pas"/>
        <IsPartOfProject Value="True"/>
        <ComponentName Value="CopyDlg"/>
        <HasResources Value="True"/>
        <ResourceBaseClass Value="Form"/>
      </Unit31>
      <Unit32>
        <Filename Value="InetOrg.pas"/>
        <IsPartOfProject Value="True"/>
      </Unit32>
      <Unit33>
        <Filename Value="PropertyObject.pas"/>
        <IsPartOfProject Value="True"/>
      </Unit33>
      <Unit34>
        <Filename Value="Shadow.pas"/>
        <IsPartOfProject Value="True"/>
      </Unit34>
      <Unit35>
        <Filename Value="password.pas"/>
        <IsPartOfProject Value="True"/>
        <UnitName Value="Password"/>
      </Unit35>
      <Unit36>
        <Filename Value="uSchemaDlg.pas"/>
        <IsPartOfProject Value="True"/>
        <ComponentName Value="SchemaDlg"/>
        <HasResources Value="True"/>
        <ResourceBaseClass Value="Form"/>
      </Unit36>
      <Unit37>
        <Filename Value="Schema.pas"/>
        <IsPartOfProject Value="True"/>
      </Unit37>
      <Unit38>
        <Filename Value="BinView.pas"/>
        <IsPartOfProject Value="True"/>
        <ComponentName Value="HexView"/>
        <HasResources Value="True"/>
        <ResourceBaseClass Value="Form"/>
      </Unit38>
      <Unit39>
        <Filename Value="AdvSamba.pas"/>
        <IsPartOfProject Value="True"/>
        <ComponentName Value="SambaAdvancedDlg"/>
        <HasResources Value="True"/>
        <ResourceBaseClass Value="Form"/>
      </Unit39>
      <Unit40>
        <Filename Value="TextFile.pas"/>
        <IsPartOfProject Value="True"/>
      </Unit40>
      <Unit41>
        <Filename Value="md5crypt.pas"/>
        <IsPartOfProject Value="True"/>
      </Unit41>
      <Unit42>
        <Filename Value="Config.pas"/>
        <IsPartOfProject Value="True"/>
      </Unit42>
      <Unit43>
        <Filename Value="IControls.pas"/>
        <IsPartOfProject Value="True"/>
      </Unit43>
      <Unit44>
        <Filename Value="Xml.pas"/>
        <IsPartOfProject Value="True"/>
      </Unit44>
      <Unit45>
        <Filename Value="Templates.pas"/>
        <IsPartOfProject Value="True"/>
      </Unit45>
      <Unit46>
        <Filename Value="TemplateCtrl.pas"/>
        <IsPartOfProject Value="True"/>
      </Unit46>
      <Unit47>
        <Filename Value="ConfigDlg.pas"/>
        <IsPartOfProject Value="True"/>
        <ComponentName Value="ConfigDlg"/>
        <HasResources Value="True"/>
        <ResourceBaseClass Value="Form"/>
      </Unit47>
      <Unit48>
        <Filename Value="PickAttr.pas"/>
        <IsPartOfProject Value="True"/>
        <ComponentName Value="PickAttributesDlg"/>
        <HasResources Value="True"/>
        <ResourceBaseClass Value="Form"/>
      </Unit48>
      <Unit49>
        <Filename Value="uAccountCopyDlg.pas"/>
        <IsPartOfProject Value="True"/>
        <ComponentName Value="AccountCopyDlg"/>
        <HasResources Value="True"/>
        <ResourceBaseClass Value="Form"/>
      </Unit49>
      <Unit50>
        <Filename Value="LAControls.pas"/>
        <IsPartOfProject Value="True"/>
      </Unit50>
      <Unit51>
        <Filename Value="Events.pas"/>
        <IsPartOfProject Value="True"/>
      </Unit51>
      <Unit52>
        <Filename Value="Core.pas"/>
        <IsPartOfProject Value="True"/>
      </Unit52>
      <Unit53>
        <Filename Value="Cert.pas"/>
        <IsPartOfProject Value="True"/>
      </Unit53>
      <Unit54>
        <Filename Value="Dsml.pas"/>
        <IsPartOfProject Value="True"/>
      </Unit54>
      <Unit55>
        <Filename Value="Gss.pas"/>
        <IsPartOfProject Value="True"/>
      </Unit55>
      <Unit56>
        <Filename Value="uBetaImgLists.pas"/>
        <IsPartOfProject Value="True"/>
      </Unit56>
      <Unit57>
        <Filename Value="Params.pas"/>
        <IsPartOfProject Value="True"/>
      </Unit57>
      <Unit58>
        <Filename Value="PicView.pas"/>
        <IsPartOfProject Value="True"/>
        <ComponentName Value="ViewPicFrm"/>
        <HasResources Value="True"/>
        <ResourceBaseClass Value="Form"/>
      </Unit58>
      <Unit59>
        <Filename Value="Sorter.pas"/>
        <IsPartOfProject Value="True"/>
      </Unit59>
      <Unit60>
        <Filename Value="ShaCrypt.pas"/>
        <IsPartOfProject Value="True"/>
      </Unit60>
      <Unit61>
        <Filename Value="ParseErr.pas"/>
        <IsPartOfProject Value="True"/>
        <ComponentName Value="ParseErrDlg"/>
        <HasResources Value="True"/>
        <ResourceBaseClass Value="Form"/>
      </Unit61>
      <Unit62>
        <Filename Value="ScriptIntf.pas"/>
        <IsPartOfProject Value="True"/>
      </Unit62>
      <Unit63>
        <Filename Value="Script.pas"/>
        <IsPartOfProject Value="True"/>
      </Unit63>
      <Unit64>
        <Filename Value="GraphicHint.pas"/>
        <IsPartOfProject Value="True"/>
      </Unit64>
      <Unit65>
        <Filename Value="Connection.pas"/>
        <IsPartOfProject Value="True"/>
      </Unit65>
      <Unit66>
        <Filename Value="adsie.pas"/>
        <IsPartOfProject Value="True"/>
      </Unit66>
      <Unit67>
        <Filename Value="ADPassDlg.pas"/>
        <IsPartOfProject Value="True"/>
        <ComponentName Value="ADPassDlg"/>
        <HasResources Value="True"/>
        <ResourceBaseClass Value="Form"/>
      </Unit67>
      <Unit68>
        <Filename Value="Alias.pas"/>
        <IsPartOfProject Value="True"/>
        <ComponentName Value="AliasDlg"/>
        <HasResources Value="True"/>
        <ResourceBaseClass Value="Form"/>
      </Unit68>
      <Unit69>
        <Filename Value="SizeGrip.pas"/>
        <IsPartOfProject Value="True"/>
      </Unit69>
      <Unit70>
        <Filename Value="CustomMenus.pas"/>
        <IsPartOfProject Value="True"/>
      </Unit70>
      <Unit71>
        <Filename Value="CustMenuDlg.pas"/>
        <IsPartOfProject Value="True"/>
        <ComponentName Value="CustomMenuDlg"/>
        <HasResources Value="True"/>
        <ResourceBaseClass Value="Form"/>
      </Unit71>
      <Unit72>
        <Filename Value="ObjectInfo.pas"/>
        <IsPartOfProject Value="True"/>
      </Unit72>
      <Unit73>
        <Filename Value="XmlLoader.pas"/>
        <IsPartOfProject Value="True"/>
      </Unit73>
      <Unit74>
        <Filename Value="ListViewDlg.pas"/>
        <IsPartOfProject Value="True"/>
        <ComponentName Value="ListViewDlg"/>
        <HasResources Value="True"/>
        <ResourceBaseClass Value="Form"/>
      </Unit74>
      <Unit75>
        <Filename Value="Bookmarks.pas"/>
        <IsPartOfProject Value="True"/>
        <ComponentName Value="BookmarkDlg"/>
        <HasResources Value="True"/>
        <ResourceBaseClass Value="Form"/>
      </Unit75>
      <Unit76>
        <Filename Value="ActiveDs_TLB.pas"/>
        <IsPartOfProject Value="True"/>
      </Unit76>
      <Unit77>
        <Filename Value="Unixpass.pas"/>
        <IsPartOfProject Value="True"/>
      </Unit77>
    </Units>
  </ProjectOptions>
  <CompilerOptions>
    <Version Value="11"/>
    <Target>
      <Filename Value="LdapAdmin"/>
    </Target>
    <SearchPaths>
      <IncludeFiles Value="$(ProjOutDir)"/>
      <OtherUnitFiles Value="synapse;CRCHash;D7"/>
      <UnitOutputDirectory Value="ppu"/>
      <ObjectPath Value="declib"/>
    </SearchPaths>
    <Parsing>
      <SyntaxOptions>
        <SyntaxMode Value="Delphi"/>
      </SyntaxOptions>
    </Parsing>
    <CodeGeneration>
      <Checks>
        <IOChecks Value="True"/>
        <StackChecks Value="True"/>
      </Checks>
      <TargetCPU Value="x86_64"/>
      <TargetOS Value="linux"/>
    </CodeGeneration>
    <Linking>
      <Debugging>
        <UseHeaptrc Value="True"/>
        <UseValgrind Value="True"/>
        <UseExternalDbgSyms Value="True"/>
      </Debugging>
      <Options>
        <Win32>
          <GraphicApplication Value="True"/>
        </Win32>
      </Options>
    </Linking>
    <Other>
      <Verbosity>
        <ShoLineNum Value="True"/>
        <ShowDebugInfo Value="True"/>
      </Verbosity>
      <CustomOptions Value="-dBorland -dVer150 -dDelphi7 -dCompiler6_Up -dPUREPASCAL"/>
    </Other>
  </CompilerOptions>
  <Debugging>
    <Exceptions Count="4">
      <Item1>
        <Name Value="EAbort"/>
      </Item1>
      <Item2>
        <Name Value="ECodetoolError"/>
      </Item2>
      <Item3>
        <Name Value="EFOpenError"/>
      </Item3>
      <Item4>
        <Name Value="Exception"/>
      </Item4>
    </Exceptions>
  </Debugging>
</CONFIG>
